
Microsoft Visual Studio Solution File, Format Version 12.00
# Visual Studio Version 16
VisualStudioVersion = 16.0.31911.196
MinimumVisualStudioVersion = 10.0.40219.1
Project("{FAE04EC0-301F-11D3-BF4B-00C04F79EFBC}") = "Visual_Lab_9", "Visual_Lab_9\Visual_Lab_9.csproj", "{36A1CBE7-E579-4AC1-8732-F971F3F0EBEF}"
EndProject
Global
	GlobalSection(SolutionConfigurationPlatforms) = preSolution
		Debug|Any CPU = Debug|Any CPU
		Release|Any CPU = Release|Any CPU
	EndGlobalSection
	GlobalSection(ProjectConfigurationPlatforms) = postSolution
		{36A1CBE7-E579-4AC1-8732-F971F3F0EBEF}.Debug|Any CPU.ActiveCfg = Debug|Any CPU
		{36A1CBE7-E579-4AC1-8732-F971F3F0EBEF}.Debug|Any CPU.Build.0 = Debug|Any CPU
		{36A1CBE7-E579-4AC1-8732-F971F3F0EBEF}.Release|Any CPU.ActiveCfg = Release|Any CPU
		{36A1CBE7-E579-4AC1-8732-F971F3F0EBEF}.Release|Any CPU.Build.0 = Release|Any CPU
	EndGlobalSection
	GlobalSection(SolutionProperties) = preSolution
		HideSolutionNode = FALSE
	EndGlobalSection
	GlobalSection(ExtensibilityGlobals) = postSolution
		SolutionGuid = {585F20C2-4F68-443A-9EB0-D9278FDAFD71}
	EndGlobalSection
EndGlobal
